
Microsoft Visual Studio Solution File, Format Version 12.00
# Visual Studio Version 17
VisualStudioVersion = 17.9.34728.123
MinimumVisualStudioVersion = 10.0.40219.1
Project("{FAE04EC0-301F-11D3-BF4B-00C04F79EFBC}") = "MyAPI", "MyAPI\MyAPI.csproj", "{AD7619D9-86B6-4E64-B45C-BA951A71530D}"
EndProject
Global
	GlobalSection(SolutionConfigurationPlatforms) = preSolution
		Debug|Any CPU = Debug|Any CPU
		Release|Any CPU = Release|Any CPU
	EndGlobalSection
	GlobalSection(ProjectConfigurationPlatforms) = postSolution
		{AD7619D9-86B6-4E64-B45C-BA951A71530D}.Debug|Any CPU.ActiveCfg = Debug|Any CPU
		{AD7619D9-86B6-4E64-B45C-BA951A71530D}.Debug|Any CPU.Build.0 = Debug|Any CPU
		{AD7619D9-86B6-4E64-B45C-BA951A71530D}.Release|Any CPU.ActiveCfg = Release|Any CPU
		{AD7619D9-86B6-4E64-B45C-BA951A71530D}.Release|Any CPU.Build.0 = Release|Any CPU
	EndGlobalSection
	GlobalSection(SolutionProperties) = preSolution
		HideSolutionNode = FALSE
	EndGlobalSection
	GlobalSection(ExtensibilityGlobals) = postSolution
		SolutionGuid = {BB7F2570-B617-490B-AE39-ECFDD0E448A1}
	EndGlobalSection
EndGlobal
